
Microsoft Visual Studio Solution File, Format Version 12.00
# Visual Studio Version 16
VisualStudioVersion = 16.0.31515.178
MinimumVisualStudioVersion = 10.0.40219.1
Project("{FAE04EC0-301F-11D3-BF4B-00C04F79EFBC}") = "FlavorHouse", "FlavorHouse.csproj", "{872672EB-26DF-486E-8123-73D1469B23C0}"
EndProject
Global
	GlobalSection(SolutionConfigurationPlatforms) = preSolution
		Debug|Any CPU = Debug|Any CPU
		Release|Any CPU = Release|Any CPU
	EndGlobalSection
	GlobalSection(ProjectConfigurationPlatforms) = postSolution
		{872672EB-26DF-486E-8123-73D1469B23C0}.Debug|Any CPU.ActiveCfg = Debug|Any CPU
		{872672EB-26DF-486E-8123-73D1469B23C0}.Debug|Any CPU.Build.0 = Debug|Any CPU
		{872672EB-26DF-486E-8123-73D1469B23C0}.Release|Any CPU.ActiveCfg = Release|Any CPU
		{872672EB-26DF-486E-8123-73D1469B23C0}.Release|Any CPU.Build.0 = Release|Any CPU
	EndGlobalSection
	GlobalSection(SolutionProperties) = preSolution
		HideSolutionNode = FALSE
	EndGlobalSection
	GlobalSection(ExtensibilityGlobals) = postSolution
		SolutionGuid = {3ADA09AB-B611-4F29-B510-F9AA04EAF6AF}
	EndGlobalSection
EndGlobal
